
Microsoft Visual Studio Solution File, Format Version 12.00
# Visual Studio 15
VisualStudioVersion = 15.0.28307.539
MinimumVisualStudioVersion = 10.0.40219.1
Project("{FAE04EC0-301F-11D3-BF4B-00C04F79EFBC}") = "ConsoleTempConverter", "ConsoleTempConverter.csproj", "{23751A7F-B155-42A6-85ED-3551578FAA73}"
EndProject
Global
	GlobalSection(SolutionConfigurationPlatforms) = preSolution
		Debug|Any CPU = Debug|Any CPU
		Release|Any CPU = Release|Any CPU
	EndGlobalSection
	GlobalSection(ProjectConfigurationPlatforms) = postSolution
		{23751A7F-B155-42A6-85ED-3551578FAA73}.Debug|Any CPU.ActiveCfg = Debug|Any CPU
		{23751A7F-B155-42A6-85ED-3551578FAA73}.Debug|Any CPU.Build.0 = Debug|Any CPU
		{23751A7F-B155-42A6-85ED-3551578FAA73}.Release|Any CPU.ActiveCfg = Release|Any CPU
		{23751A7F-B155-42A6-85ED-3551578FAA73}.Release|Any CPU.Build.0 = Release|Any CPU
	EndGlobalSection
	GlobalSection(SolutionProperties) = preSolution
		HideSolutionNode = FALSE
	EndGlobalSection
	GlobalSection(ExtensibilityGlobals) = postSolution
		SolutionGuid = {4F4C18F2-7387-4A1D-97F2-E8AF0C7F97A7}
	EndGlobalSection
EndGlobal
